{
  "name": "hello-world",
  "version": "0.1.0",
  "lockfileVersion": 1,
  "requires": true,
  "dependencies": {
    "golden-layout": {
      "version": "1.5.9",
      "resolved": "https://registry.npmjs.org/golden-layout/-/golden-layout-1.5.9.tgz",
      "integrity": "sha1-o5vB9qZ+b4hreXwBbdkk6UJrp38=",
      "requires": {
        "jquery": "3.3.1"
      }
    },
    "jquery": {
      "version": "3.3.1",
      "resolved": "https://registry.npmjs.org/jquery/-/jquery-3.3.1.tgz",
      "integrity": "sha512-Ubldcmxp5np52/ENotGxlLe6aGMvmF4R8S6tZjsP6Knsaxd/xp3Zrh50cG93lR6nPXyUFwzN3ZSOQI0wRJNdGg=="
    }
  }
}
